
Microsoft Visual Studio Solution File, Format Version 10.00
# Visual Studio 2008
Project("{8BC9CEB8-8B4A-11D0-8D11-00A0C91BC942}") = "MusicApp", "MusicApp.vcproj", "{E5CCA2E2-8FB6-4530-950B-297C868FC488}"
EndProject
Global
	GlobalSection(SolutionConfigurationPlatforms) = preSolution
		Debug|Win32 = Debug|Win32
		Release|Win32 = Release|Win32
	EndGlobalSection
	GlobalSection(ProjectConfigurationPlatforms) = postSolution
		{E5CCA2E2-8FB6-4530-950B-297C868FC488}.Debug|Win32.ActiveCfg = Debug|Win32
		{E5CCA2E2-8FB6-4530-950B-297C868FC488}.Debug|Win32.Build.0 = Debug|Win32
		{E5CCA2E2-8FB6-4530-950B-297C868FC488}.Release|Win32.ActiveCfg = Release|Win32
		{E5CCA2E2-8FB6-4530-950B-297C868FC488}.Release|Win32.Build.0 = Release|Win32
	EndGlobalSection
	GlobalSection(SolutionProperties) = preSolution
		HideSolutionNode = FALSE
	EndGlobalSection
EndGlobal
